
Microsoft Visual Studio Solution File, Format Version 12.00
# Visual Studio 15
VisualStudioVersion = 15.0.28010.2046
MinimumVisualStudioVersion = 10.0.40219.1
Project("{FAE04EC0-301F-11D3-BF4B-00C04F79EFBC}") = "Giliberti", "Giliberti\Giliberti.csproj", "{C1E1C7B0-E176-497B-B51D-C16D43D8E7ED}"
EndProject
Project("{FAE04EC0-301F-11D3-BF4B-00C04F79EFBC}") = "TAP2018_19.AuctionSite.Interfaces.Tests", "TAP2018_19.AuctionSite.Interfaces.Tests\TAP2018_19.AuctionSite.Interfaces.Tests.csproj", "{410652BE-FB55-4A16-AC72-9AE53BF1F1D3}"
EndProject
Global
	GlobalSection(SolutionConfigurationPlatforms) = preSolution
		Debug|Any CPU = Debug|Any CPU
		Release|Any CPU = Release|Any CPU
	EndGlobalSection
	GlobalSection(ProjectConfigurationPlatforms) = postSolution
		{C1E1C7B0-E176-497B-B51D-C16D43D8E7ED}.Debug|Any CPU.ActiveCfg = Debug|Any CPU
		{C1E1C7B0-E176-497B-B51D-C16D43D8E7ED}.Debug|Any CPU.Build.0 = Debug|Any CPU
		{C1E1C7B0-E176-497B-B51D-C16D43D8E7ED}.Release|Any CPU.ActiveCfg = Release|Any CPU
		{C1E1C7B0-E176-497B-B51D-C16D43D8E7ED}.Release|Any CPU.Build.0 = Release|Any CPU
		{410652BE-FB55-4A16-AC72-9AE53BF1F1D3}.Debug|Any CPU.ActiveCfg = Debug|Any CPU
		{410652BE-FB55-4A16-AC72-9AE53BF1F1D3}.Debug|Any CPU.Build.0 = Debug|Any CPU
		{410652BE-FB55-4A16-AC72-9AE53BF1F1D3}.Release|Any CPU.ActiveCfg = Release|Any CPU
		{410652BE-FB55-4A16-AC72-9AE53BF1F1D3}.Release|Any CPU.Build.0 = Release|Any CPU
	EndGlobalSection
	GlobalSection(SolutionProperties) = preSolution
		HideSolutionNode = FALSE
	EndGlobalSection
	GlobalSection(ExtensibilityGlobals) = postSolution
		SolutionGuid = {C9D52DBF-DBDD-4C8A-9AA1-27BF5EE04214}
	EndGlobalSection
EndGlobal
